
Microsoft Visual Studio Solution File, Format Version 12.00
# Visual Studio Version 17
VisualStudioVersion = 17.5.002.0
MinimumVisualStudioVersion = 10.0.40219.1
Project("{9A19103F-16F7-4668-BE54-9A1E7A4F7556}") = "Select", "Select.csproj", "{99296466-1F35-405A-BEE4-F92739FA776F}"
EndProject
Global
	GlobalSection(SolutionConfigurationPlatforms) = preSolution
		Debug|Any CPU = Debug|Any CPU
		Release|Any CPU = Release|Any CPU
	EndGlobalSection
	GlobalSection(ProjectConfigurationPlatforms) = postSolution
		{99296466-1F35-405A-BEE4-F92739FA776F}.Debug|Any CPU.ActiveCfg = Debug|Any CPU
		{99296466-1F35-405A-BEE4-F92739FA776F}.Debug|Any CPU.Build.0 = Debug|Any CPU
		{99296466-1F35-405A-BEE4-F92739FA776F}.Release|Any CPU.ActiveCfg = Release|Any CPU
		{99296466-1F35-405A-BEE4-F92739FA776F}.Release|Any CPU.Build.0 = Release|Any CPU
	EndGlobalSection
	GlobalSection(SolutionProperties) = preSolution
		HideSolutionNode = FALSE
	EndGlobalSection
	GlobalSection(ExtensibilityGlobals) = postSolution
		SolutionGuid = {7FCB6665-073F-4817-AB34-D517C5B7667D}
	EndGlobalSection
EndGlobal
